
Microsoft Visual Studio Solution File, Format Version 12.00
Project("{2150E333-8FDC-42A3-9474-1A3956D46DE8}") = "src", "src", "{827E0CD3-B72D-47B6-A68D-7590B98EB39B}"
EndProject
Project("{FAE04EC0-301F-11D3-BF4B-00C04F79EFBC}") = "DWH.Web", "src\DWH.Web\DWH.Web.csproj", "{4C567A19-F730-4823-BD27-1D5D2F18D304}"
EndProject
Project("{FAE04EC0-301F-11D3-BF4B-00C04F79EFBC}") = "DWH.Application", "src\DWH.Application\DWH.Application.csproj", "{2FBB9B38-205F-416C-8B85-02D0B7DF92F1}"
EndProject
Project("{FAE04EC0-301F-11D3-BF4B-00C04F79EFBC}") = "DWH.Domain", "src\DWH.Domain\DWH.Domain.csproj", "{C26A00BF-2A56-4653-9B30-7E104059840E}"
EndProject
Project("{FAE04EC0-301F-11D3-BF4B-00C04F79EFBC}") = "DWH.Infrastructure", "src\DWH.Infrastructure\DWH.Infrastructure.csproj", "{44F3DA5A-A9D5-4120-A1F4-0450F4515CBD}"
EndProject
Global
	GlobalSection(SolutionConfigurationPlatforms) = preSolution
		Debug|Any CPU = Debug|Any CPU
		Debug|x64 = Debug|x64
		Debug|x86 = Debug|x86
		Release|Any CPU = Release|Any CPU
		Release|x64 = Release|x64
		Release|x86 = Release|x86
	EndGlobalSection
	GlobalSection(ProjectConfigurationPlatforms) = postSolution
		{4C567A19-F730-4823-BD27-1D5D2F18D304}.Debug|Any CPU.ActiveCfg = Debug|Any CPU
		{4C567A19-F730-4823-BD27-1D5D2F18D304}.Debug|Any CPU.Build.0 = Debug|Any CPU
		{4C567A19-F730-4823-BD27-1D5D2F18D304}.Debug|x64.ActiveCfg = Debug|Any CPU
		{4C567A19-F730-4823-BD27-1D5D2F18D304}.Debug|x64.Build.0 = Debug|Any CPU
		{4C567A19-F730-4823-BD27-1D5D2F18D304}.Debug|x86.ActiveCfg = Debug|Any CPU
		{4C567A19-F730-4823-BD27-1D5D2F18D304}.Debug|x86.Build.0 = Debug|Any CPU
		{4C567A19-F730-4823-BD27-1D5D2F18D304}.Release|Any CPU.ActiveCfg = Release|Any CPU
		{4C567A19-F730-4823-BD27-1D5D2F18D304}.Release|Any CPU.Build.0 = Release|Any CPU
		{4C567A19-F730-4823-BD27-1D5D2F18D304}.Release|x64.ActiveCfg = Release|Any CPU
		{4C567A19-F730-4823-BD27-1D5D2F18D304}.Release|x64.Build.0 = Release|Any CPU
		{4C567A19-F730-4823-BD27-1D5D2F18D304}.Release|x86.ActiveCfg = Release|Any CPU
		{4C567A19-F730-4823-BD27-1D5D2F18D304}.Release|x86.Build.0 = Release|Any CPU
		{2FBB9B38-205F-416C-8B85-02D0B7DF92F1}.Debug|Any CPU.ActiveCfg = Debug|Any CPU
		{2FBB9B38-205F-416C-8B85-02D0B7DF92F1}.Debug|Any CPU.Build.0 = Debug|Any CPU
		{2FBB9B38-205F-416C-8B85-02D0B7DF92F1}.Debug|x64.ActiveCfg = Debug|Any CPU
		{2FBB9B38-205F-416C-8B85-02D0B7DF92F1}.Debug|x64.Build.0 = Debug|Any CPU
		{2FBB9B38-205F-416C-8B85-02D0B7DF92F1}.Debug|x86.ActiveCfg = Debug|Any CPU
		{2FBB9B38-205F-416C-8B85-02D0B7DF92F1}.Debug|x86.Build.0 = Debug|Any CPU
		{2FBB9B38-205F-416C-8B85-02D0B7DF92F1}.Release|Any CPU.ActiveCfg = Release|Any CPU
		{2FBB9B38-205F-416C-8B85-02D0B7DF92F1}.Release|Any CPU.Build.0 = Release|Any CPU
		{2FBB9B38-205F-416C-8B85-02D0B7DF92F1}.Release|x64.ActiveCfg = Release|Any CPU
		{2FBB9B38-205F-416C-8B85-02D0B7DF92F1}.Release|x64.Build.0 = Release|Any CPU
		{2FBB9B38-205F-416C-8B85-02D0B7DF92F1}.Release|x86.ActiveCfg = Release|Any CPU
		{2FBB9B38-205F-416C-8B85-02D0B7DF92F1}.Release|x86.Build.0 = Release|Any CPU
		{C26A00BF-2A56-4653-9B30-7E104059840E}.Debug|Any CPU.ActiveCfg = Debug|Any CPU
		{C26A00BF-2A56-4653-9B30-7E104059840E}.Debug|Any CPU.Build.0 = Debug|Any CPU
		{C26A00BF-2A56-4653-9B30-7E104059840E}.Debug|x64.ActiveCfg = Debug|Any CPU
		{C26A00BF-2A56-4653-9B30-7E104059840E}.Debug|x64.Build.0 = Debug|Any CPU
		{C26A00BF-2A56-4653-9B30-7E104059840E}.Debug|x86.ActiveCfg = Debug|Any CPU
		{C26A00BF-2A56-4653-9B30-7E104059840E}.Debug|x86.Build.0 = Debug|Any CPU
		{C26A00BF-2A56-4653-9B30-7E104059840E}.Release|Any CPU.ActiveCfg = Release|Any CPU
		{C26A00BF-2A56-4653-9B30-7E104059840E}.Release|Any CPU.Build.0 = Release|Any CPU
		{C26A00BF-2A56-4653-9B30-7E104059840E}.Release|x64.ActiveCfg = Release|Any CPU
		{C26A00BF-2A56-4653-9B30-7E104059840E}.Release|x64.Build.0 = Release|Any CPU
		{C26A00BF-2A56-4653-9B30-7E104059840E}.Release|x86.ActiveCfg = Release|Any CPU
		{C26A00BF-2A56-4653-9B30-7E104059840E}.Release|x86.Build.0 = Release|Any CPU
		{44F3DA5A-A9D5-4120-A1F4-0450F4515CBD}.Debug|Any CPU.ActiveCfg = Debug|Any CPU
		{44F3DA5A-A9D5-4120-A1F4-0450F4515CBD}.Debug|Any CPU.Build.0 = Debug|Any CPU
		{44F3DA5A-A9D5-4120-A1F4-0450F4515CBD}.Debug|x64.ActiveCfg = Debug|Any CPU
		{44F3DA5A-A9D5-4120-A1F4-0450F4515CBD}.Debug|x64.Build.0 = Debug|Any CPU
		{44F3DA5A-A9D5-4120-A1F4-0450F4515CBD}.Debug|x86.ActiveCfg = Debug|Any CPU
		{44F3DA5A-A9D5-4120-A1F4-0450F4515CBD}.Debug|x86.Build.0 = Debug|Any CPU
		{44F3DA5A-A9D5-4120-A1F4-0450F4515CBD}.Release|Any CPU.ActiveCfg = Release|Any CPU
		{44F3DA5A-A9D5-4120-A1F4-0450F4515CBD}.Release|Any CPU.Build.0 = Release|Any CPU
		{44F3DA5A-A9D5-4120-A1F4-0450F4515CBD}.Release|x64.ActiveCfg = Release|Any CPU
		{44F3DA5A-A9D5-4120-A1F4-0450F4515CBD}.Release|x64.Build.0 = Release|Any CPU
		{44F3DA5A-A9D5-4120-A1F4-0450F4515CBD}.Release|x86.ActiveCfg = Release|Any CPU
		{44F3DA5A-A9D5-4120-A1F4-0450F4515CBD}.Release|x86.Build.0 = Release|Any CPU
	EndGlobalSection
	GlobalSection(SolutionProperties) = preSolution
		HideSolutionNode = FALSE
	EndGlobalSection
	GlobalSection(NestedProjects) = preSolution
		{4C567A19-F730-4823-BD27-1D5D2F18D304} = {827E0CD3-B72D-47B6-A68D-7590B98EB39B}
		{2FBB9B38-205F-416C-8B85-02D0B7DF92F1} = {827E0CD3-B72D-47B6-A68D-7590B98EB39B}
		{C26A00BF-2A56-4653-9B30-7E104059840E} = {827E0CD3-B72D-47B6-A68D-7590B98EB39B}
		{44F3DA5A-A9D5-4120-A1F4-0450F4515CBD} = {827E0CD3-B72D-47B6-A68D-7590B98EB39B}
	EndGlobalSection
EndGlobal
